// !$*UTF8*$!
{
	archiveVersion = 1;
	classes = {
	};
	objectVersion = 50;
	objects = {

/* Begin PBXBuildFile section */
		4C4544972243FC780023FB9A /* main.cpp in Sources */ = {isa = PBXBuildFile; fileRef = 4C4544962243FC780023FB9A /* main.cpp */; };
		4C45449F2243FD120023FB9A /* OpenGL.framework in Frameworks */ = {isa = PBXBuildFile; fileRef = 4C45449E2243FD120023FB9A /* OpenGL.framework */; };
		4C4544A12243FD6C0023FB9A /* libGLEW.2.1.0.dylib in Frameworks */ = {isa = PBXBuildFile; fileRef = 4C4544A02243FD6C0023FB9A /* libGLEW.2.1.0.dylib */; };
		4C4544A32243FD9F0023FB9A /* libglfw.3.2.dylib in Frameworks */ = {isa = PBXBuildFile; fileRef = 4C4544A22243FD9F0023FB9A /* libglfw.3.2.dylib */; };
		4C4544AA224422E00023FB9A /* resources in CopyFiles */ = {isa = PBXBuildFile; fileRef = 4C4544A8224422480023FB9A /* resources */; };
		4C4544C32244262E0023FB9A /* image_helper.c in Sources */ = {isa = PBXBuildFile; fileRef = 4C4544AE2244262E0023FB9A /* image_helper.c */; };
		4C4544C42244262E0023FB9A /* image_DXT.c in Sources */ = {isa = PBXBuildFile; fileRef = 4C4544B12244262E0023FB9A /* image_DXT.c */; };
		4C4544C52244262E0023FB9A /* SOIL2.c in Sources */ = {isa = PBXBuildFile; fileRef = 4C4544B42244262E0023FB9A /* SOIL2.c */; };
		4C4544C62244262E0023FB9A /* etc1_utils.c in Sources */ = {isa = PBXBuildFile; fileRef = 4C4544BE2244262E0023FB9A /* etc1_utils.c */; };
/* End PBXBuildFile section */

/* Begin PBXCopyFilesBuildPhase section */
		4C4544912243FC780023FB9A /* CopyFiles */ = {
			isa = PBXCopyFilesBuildPhase;
			buildActionMask = 2147483647;
			dstPath = /usr/share/man/man1/;
			dstSubfolderSpec = 0;
			files = (
			);
			runOnlyForDeploymentPostprocessing = 1;
		};
		4C4544A9224422D30023FB9A /* CopyFiles */ = {
			isa = PBXCopyFilesBuildPhase;
			buildActionMask = 2147483647;
			dstPath = "";
			dstSubfolderSpec = 7;
			files = (
				4C4544AA224422E00023FB9A /* resources in CopyFiles */,
			);
			runOnlyForDeploymentPostprocessing = 0;
		};
/* End PBXCopyFilesBuildPhase section */

/* Begin PBXFileReference section */
		4C4544932243FC780023FB9A /* OpenGL-Test */ = {isa = PBXFileReference; explicitFileType = "compiled.mach-o.executable"; includeInIndex = 0; path = "OpenGL-Test"; sourceTree = BUILT_PRODUCTS_DIR; };
		4C4544962243FC780023FB9A /* main.cpp */ = {isa = PBXFileReference; lastKnownFileType = sourcecode.cpp.cpp; path = main.cpp; sourceTree = "<group>"; };
		4C45449E2243FD120023FB9A /* OpenGL.framework */ = {isa = PBXFileReference; lastKnownFileType = wrapper.framework; name = OpenGL.framework; path = System/Library/Frameworks/OpenGL.framework; sourceTree = SDKROOT; };
		4C4544A02243FD6C0023FB9A /* libGLEW.2.1.0.dylib */ = {isa = PBXFileReference; lastKnownFileType = "compiled.mach-o.dylib"; name = libGLEW.2.1.0.dylib; path = ../../../../../../usr/local/Cellar/glew/2.1.0/lib/libGLEW.2.1.0.dylib; sourceTree = "<group>"; };
		4C4544A22243FD9F0023FB9A /* libglfw.3.2.dylib */ = {isa = PBXFileReference; lastKnownFileType = "compiled.mach-o.dylib"; name = libglfw.3.2.dylib; path = ../../../../../../usr/local/Cellar/glfw/3.2.1/lib/libglfw.3.2.dylib; sourceTree = "<group>"; };
		4C4544A722441A810023FB9A /* shader.h */ = {isa = PBXFileReference; lastKnownFileType = sourcecode.c.h; path = shader.h; sourceTree = "<group>"; };
		4C4544A8224422480023FB9A /* resources */ = {isa = PBXFileReference; lastKnownFileType = folder; path = resources; sourceTree = "<group>"; };
		4C4544AE2244262E0023FB9A /* image_helper.c */ = {isa = PBXFileReference; fileEncoding = 4; lastKnownFileType = sourcecode.c.c; path = image_helper.c; sourceTree = "<group>"; };
		4C4544AF2244262E0023FB9A /* stbi_pkm.h */ = {isa = PBXFileReference; fileEncoding = 4; lastKnownFileType = sourcecode.c.h; path = stbi_pkm.h; sourceTree = "<group>"; };
		4C4544B02244262E0023FB9A /* jo_jpeg.h */ = {isa = PBXFileReference; fileEncoding = 4; lastKnownFileType = sourcecode.c.h; path = jo_jpeg.h; sourceTree = "<group>"; };
		4C4544B12244262E0023FB9A /* image_DXT.c */ = {isa = PBXFileReference; fileEncoding = 4; lastKnownFileType = sourcecode.c.c; path = image_DXT.c; sourceTree = "<group>"; };
		4C4544B22244262E0023FB9A /* etc1_utils.h */ = {isa = PBXFileReference; fileEncoding = 4; lastKnownFileType = sourcecode.c.h; path = etc1_utils.h; sourceTree = "<group>"; };
		4C4544B32244262E0023FB9A /* stb_image_write.h */ = {isa = PBXFileReference; fileEncoding = 4; lastKnownFileType = sourcecode.c.h; path = stb_image_write.h; sourceTree = "<group>"; };
		4C4544B42244262E0023FB9A /* SOIL2.c */ = {isa = PBXFileReference; fileEncoding = 4; lastKnownFileType = sourcecode.c.c; path = SOIL2.c; sourceTree = "<group>"; };
		4C4544B52244262E0023FB9A /* pkm_helper.h */ = {isa = PBXFileReference; fileEncoding = 4; lastKnownFileType = sourcecode.c.h; path = pkm_helper.h; sourceTree = "<group>"; };
		4C4544B62244262E0023FB9A /* stbi_DDS_c.h */ = {isa = PBXFileReference; fileEncoding = 4; lastKnownFileType = sourcecode.c.h; path = stbi_DDS_c.h; sourceTree = "<group>"; };
		4C4544B72244262E0023FB9A /* stbi_pvr.h */ = {isa = PBXFileReference; fileEncoding = 4; lastKnownFileType = sourcecode.c.h; path = stbi_pvr.h; sourceTree = "<group>"; };
		4C4544B82244262E0023FB9A /* stbi_ext.h */ = {isa = PBXFileReference; fileEncoding = 4; lastKnownFileType = sourcecode.c.h; path = stbi_ext.h; sourceTree = "<group>"; };
		4C4544B92244262E0023FB9A /* stb_image.h */ = {isa = PBXFileReference; fileEncoding = 4; lastKnownFileType = sourcecode.c.h; path = stb_image.h; sourceTree = "<group>"; };
		4C4544BA2244262E0023FB9A /* stbi_pvr_c.h */ = {isa = PBXFileReference; fileEncoding = 4; lastKnownFileType = sourcecode.c.h; path = stbi_pvr_c.h; sourceTree = "<group>"; };
		4C4544BB2244262E0023FB9A /* stbi_ext_c.h */ = {isa = PBXFileReference; fileEncoding = 4; lastKnownFileType = sourcecode.c.h; path = stbi_ext_c.h; sourceTree = "<group>"; };
		4C4544BC2244262E0023FB9A /* image_helper.h */ = {isa = PBXFileReference; fileEncoding = 4; lastKnownFileType = sourcecode.c.h; path = image_helper.h; sourceTree = "<group>"; };
		4C4544BD2244262E0023FB9A /* SOIL2.h */ = {isa = PBXFileReference; fileEncoding = 4; lastKnownFileType = sourcecode.c.h; path = SOIL2.h; sourceTree = "<group>"; };
		4C4544BE2244262E0023FB9A /* etc1_utils.c */ = {isa = PBXFileReference; fileEncoding = 4; lastKnownFileType = sourcecode.c.c; path = etc1_utils.c; sourceTree = "<group>"; };
		4C4544BF2244262E0023FB9A /* image_DXT.h */ = {isa = PBXFileReference; fileEncoding = 4; lastKnownFileType = sourcecode.c.h; path = image_DXT.h; sourceTree = "<group>"; };
		4C4544C02244262E0023FB9A /* stbi_pkm_c.h */ = {isa = PBXFileReference; fileEncoding = 4; lastKnownFileType = sourcecode.c.h; path = stbi_pkm_c.h; sourceTree = "<group>"; };
		4C4544C12244262E0023FB9A /* stbi_DDS.h */ = {isa = PBXFileReference; fileEncoding = 4; lastKnownFileType = sourcecode.c.h; path = stbi_DDS.h; sourceTree = "<group>"; };
		4C4544C22244262E0023FB9A /* pvr_helper.h */ = {isa = PBXFileReference; fileEncoding = 4; lastKnownFileType = sourcecode.c.h; path = pvr_helper.h; sourceTree = "<group>"; };
/* End PBXFileReference section */

/* Begin PBXFrameworksBuildPhase section */
		4C4544902243FC780023FB9A /* Frameworks */ = {
			isa = PBXFrameworksBuildPhase;
			buildActionMask = 2147483647;
			files = (
				4C4544A32243FD9F0023FB9A /* libglfw.3.2.dylib in Frameworks */,
				4C4544A12243FD6C0023FB9A /* libGLEW.2.1.0.dylib in Frameworks */,
				4C45449F2243FD120023FB9A /* OpenGL.framework in Frameworks */,
			);
			runOnlyForDeploymentPostprocessing = 0;
		};
/* End PBXFrameworksBuildPhase section */

/* Begin PBXGroup section */
		4C45448A2243FC780023FB9A = {
			isa = PBXGroup;
			children = (
				4C4544952243FC780023FB9A /* OpenGL-Test */,
				4C4544942243FC780023FB9A /* Products */,
				4C45449D2243FD120023FB9A /* Frameworks */,
			);
			sourceTree = "<group>";
		};
		4C4544942243FC780023FB9A /* Products */ = {
			isa = PBXGroup;
			children = (
				4C4544932243FC780023FB9A /* OpenGL-Test */,
			);
			name = Products;
			sourceTree = "<group>";
		};
		4C4544952243FC780023FB9A /* OpenGL-Test */ = {
			isa = PBXGroup;
			children = (
				4C4544AD2244262E0023FB9A /* SOIL2 */,
				4C4544A8224422480023FB9A /* resources */,
				4C4544962243FC780023FB9A /* main.cpp */,
				4C4544A722441A810023FB9A /* shader.h */,
			);
			path = "OpenGL-Test";
			sourceTree = "<group>";
		};
		4C45449D2243FD120023FB9A /* Frameworks */ = {
			isa = PBXGroup;
			children = (
				4C4544A22243FD9F0023FB9A /* libglfw.3.2.dylib */,
				4C4544A02243FD6C0023FB9A /* libGLEW.2.1.0.dylib */,
				4C45449E2243FD120023FB9A /* OpenGL.framework */,
			);
			name = Frameworks;
			sourceTree = "<group>";
		};
		4C4544AD2244262E0023FB9A /* SOIL2 */ = {
			isa = PBXGroup;
			children = (
				4C4544AE2244262E0023FB9A /* image_helper.c */,
				4C4544AF2244262E0023FB9A /* stbi_pkm.h */,
				4C4544B02244262E0023FB9A /* jo_jpeg.h */,
				4C4544B12244262E0023FB9A /* image_DXT.c */,
				4C4544B22244262E0023FB9A /* etc1_utils.h */,
				4C4544B32244262E0023FB9A /* stb_image_write.h */,
				4C4544B42244262E0023FB9A /* SOIL2.c */,
				4C4544B52244262E0023FB9A /* pkm_helper.h */,
				4C4544B62244262E0023FB9A /* stbi_DDS_c.h */,
				4C4544B72244262E0023FB9A /* stbi_pvr.h */,
				4C4544B82244262E0023FB9A /* stbi_ext.h */,
				4C4544B92244262E0023FB9A /* stb_image.h */,
				4C4544BA2244262E0023FB9A /* stbi_pvr_c.h */,
				4C4544BB2244262E0023FB9A /* stbi_ext_c.h */,
				4C4544BC2244262E0023FB9A /* image_helper.h */,
				4C4544BD2244262E0023FB9A /* SOIL2.h */,
				4C4544BE2244262E0023FB9A /* etc1_utils.c */,
				4C4544BF2244262E0023FB9A /* image_DXT.h */,
				4C4544C02244262E0023FB9A /* stbi_pkm_c.h */,
				4C4544C12244262E0023FB9A /* stbi_DDS.h */,
				4C4544C22244262E0023FB9A /* pvr_helper.h */,
			);
			path = SOIL2;
			sourceTree = "<group>";
		};
/* End PBXGroup section */

/* Begin PBXNativeTarget section */
		4C4544922243FC780023FB9A /* OpenGL-Test */ = {
			isa = PBXNativeTarget;
			buildConfigurationList = 4C45449A2243FC780023FB9A /* Build configuration list for PBXNativeTarget "OpenGL-Test" */;
			buildPhases = (
				4C45448F2243FC780023FB9A /* Sources */,
				4C4544902243FC780023FB9A /* Frameworks */,
				4C4544912243FC780023FB9A /* CopyFiles */,
				4C4544A9224422D30023FB9A /* CopyFiles */,
			);
			buildRules = (
			);
			dependencies = (
			);
			name = "OpenGL-Test";
			productName = "OpenGL-Test";
			productReference = 4C4544932243FC780023FB9A /* OpenGL-Test */;
			productType = "com.apple.product-type.tool";
		};
/* End PBXNativeTarget section */

/* Begin PBXProject section */
		4C45448B2243FC780023FB9A /* Project object */ = {
			isa = PBXProject;
			attributes = {
				LastUpgradeCheck = 1010;
				ORGANIZATIONNAME = "Vahid Heidaripour";
				TargetAttributes = {
					4C4544922243FC780023FB9A = {
						CreatedOnToolsVersion = 10.1;
					};
				};
			};
			buildConfigurationList = 4C45448E2243FC780023FB9A /* Build configuration list for PBXProject "OpenGL-Test" */;
			compatibilityVersion = "Xcode 9.3";
			developmentRegion = en;
			hasScannedForEncodings = 0;
			knownRegions = (
				en,
			);
			mainGroup = 4C45448A2243FC780023FB9A;
			productRefGroup = 4C4544942243FC780023FB9A /* Products */;
			projectDirPath = "";
			projectRoot = "";
			targets = (
				4C4544922243FC780023FB9A /* OpenGL-Test */,
			);
		};
/* End PBXProject section */

/* Begin PBXSourcesBuildPhase section */
		4C45448F2243FC780023FB9A /* Sources */ = {
			isa = PBXSourcesBuildPhase;
			buildActionMask = 2147483647;
			files = (
				4C4544C62244262E0023FB9A /* etc1_utils.c in Sources */,
				4C4544972243FC780023FB9A /* main.cpp in Sources */,
				4C4544C52244262E0023FB9A /* SOIL2.c in Sources */,
				4C4544C32244262E0023FB9A /* image_helper.c in Sources */,
				4C4544C42244262E0023FB9A /* image_DXT.c in Sources */,
			);
			runOnlyForDeploymentPostprocessing = 0;
		};
/* End PBXSourcesBuildPhase section */

/* Begin XCBuildConfiguration section */
		4C4544982243FC780023FB9A /* Debug */ = {
			isa = XCBuildConfiguration;
			buildSettings = {
				ALWAYS_SEARCH_USER_PATHS = NO;
				CLANG_ANALYZER_NONNULL = YES;
				CLANG_ANALYZER_NUMBER_OBJECT_CONVERSION = YES_AGGRESSIVE;
				CLANG_CXX_LANGUAGE_STANDARD = "gnu++14";
				CLANG_CXX_LIBRARY = "libc++";
				CLANG_ENABLE_MODULES = YES;
				CLANG_ENABLE_OBJC_ARC = YES;
				CLANG_ENABLE_OBJC_WEAK = YES;
				CLANG_WARN_BLOCK_CAPTURE_AUTORELEASING = YES;
				CLANG_WARN_BOOL_CONVERSION = YES;
				CLANG_WARN_COMMA = YES;
				CLANG_WARN_CONSTANT_CONVERSION = YES;
				CLANG_WARN_DEPRECATED_OBJC_IMPLEMENTATIONS = YES;
				CLANG_WARN_DIRECT_OBJC_ISA_USAGE = YES_ERROR;
				CLANG_WARN_DOCUMENTATION_COMMENTS = YES;
				CLANG_WARN_EMPTY_BODY = YES;
				CLANG_WARN_ENUM_CONVERSION = YES;
				CLANG_WARN_INFINITE_RECURSION = YES;
				CLANG_WARN_INT_CONVERSION = YES;
				CLANG_WARN_NON_LITERAL_NULL_CONVERSION = YES;
				CLANG_WARN_OBJC_IMPLICIT_RETAIN_SELF = YES;
				CLANG_WARN_OBJC_LITERAL_CONVERSION = YES;
				CLANG_WARN_OBJC_ROOT_CLASS = YES_ERROR;
				CLANG_WARN_RANGE_LOOP_ANALYSIS = YES;
				CLANG_WARN_STRICT_PROTOTYPES = YES;
				CLANG_WARN_SUSPICIOUS_MOVE = YES;
				CLANG_WARN_UNGUARDED_AVAILABILITY = YES_AGGRESSIVE;
				CLANG_WARN_UNREACHABLE_CODE = YES;
				CLANG_WARN__DUPLICATE_METHOD_MATCH = YES;
				CODE_SIGN_IDENTITY = "-";
				COPY_PHASE_STRIP = NO;
				DEBUG_INFORMATION_FORMAT = dwarf;
				ENABLE_STRICT_OBJC_MSGSEND = YES;
				ENABLE_TESTABILITY = YES;
				GCC_C_LANGUAGE_STANDARD = gnu11;
				GCC_DYNAMIC_NO_PIC = NO;
				GCC_NO_COMMON_BLOCKS = YES;
				GCC_OPTIMIZATION_LEVEL = 0;
				GCC_PREPROCESSOR_DEFINITIONS = (
					"DEBUG=1",
					"$(inherited)",
				);
				GCC_WARN_64_TO_32_BIT_CONVERSION = YES;
				GCC_WARN_ABOUT_RETURN_TYPE = YES_ERROR;
				GCC_WARN_UNDECLARED_SELECTOR = YES;
				GCC_WARN_UNINITIALIZED_AUTOS = YES_AGGRESSIVE;
				GCC_WARN_UNUSED_FUNCTION = YES;
				GCC_WARN_UNUSED_VARIABLE = YES;
				MACOSX_DEPLOYMENT_TARGET = 10.14;
				MTL_ENABLE_DEBUG_INFO = INCLUDE_SOURCE;
				MTL_FAST_MATH = YES;
				ONLY_ACTIVE_ARCH = YES;
				SDKROOT = macosx;
			};
			name = Debug;
		};
		4C4544992243FC780023FB9A /* Release */ = {
			isa = XCBuildConfiguration;
			buildSettings = {
				ALWAYS_SEARCH_USER_PATHS = NO;
				CLANG_ANALYZER_NONNULL = YES;
				CLANG_ANALYZER_NUMBER_OBJECT_CONVERSION = YES_AGGRESSIVE;
				CLANG_CXX_LANGUAGE_STANDARD = "gnu++14";
				CLANG_CXX_LIBRARY = "libc++";
				CLANG_ENABLE_MODULES = YES;
				CLANG_ENABLE_OBJC_ARC = YES;
				CLANG_ENABLE_OBJC_WEAK = YES;
				CLANG_WARN_BLOCK_CAPTURE_AUTORELEASING = YES;
				CLANG_WARN_BOOL_CONVERSION = YES;
				CLANG_WARN_COMMA = YES;
				CLANG_WARN_CONSTANT_CONVERSION = YES;
				CLANG_WARN_DEPRECATED_OBJC_IMPLEMENTATIONS = YES;
				CLANG_WARN_DIRECT_OBJC_ISA_USAGE = YES_ERROR;
				CLANG_WARN_DOCUMENTATION_COMMENTS = YES;
				CLANG_WARN_EMPTY_BODY = YES;
				CLANG_WARN_ENUM_CONVERSION = YES;
				CLANG_WARN_INFINITE_RECURSION = YES;
				CLANG_WARN_INT_CONVERSION = YES;
				CLANG_WARN_NON_LITERAL_NULL_CONVERSION = YES;
				CLANG_WARN_OBJC_IMPLICIT_RETAIN_SELF = YES;
				CLANG_WARN_OBJC_LITERAL_CONVERSION = YES;
				CLANG_WARN_OBJC_ROOT_CLASS = YES_ERROR;
				CLANG_WARN_RANGE_LOOP_ANALYSIS = YES;
				CLANG_WARN_STRICT_PROTOTYPES = YES;
				CLANG_WARN_SUSPICIOUS_MOVE = YES;
				CLANG_WARN_UNGUARDED_AVAILABILITY = YES_AGGRESSIVE;
				CLANG_WARN_UNREACHABLE_CODE = YES;
				CLANG_WARN__DUPLICATE_METHOD_MATCH = YES;
				CODE_SIGN_IDENTITY = "-";
				COPY_PHASE_STRIP = NO;
				DEBUG_INFORMATION_FORMAT = "dwarf-with-dsym";
				ENABLE_NS_ASSERTIONS = NO;
				ENABLE_STRICT_OBJC_MSGSEND = YES;
				GCC_C_LANGUAGE_STANDARD = gnu11;
				GCC_NO_COMMON_BLOCKS = YES;
				GCC_WARN_64_TO_32_BIT_CONVERSION = YES;
				GCC_WARN_ABOUT_RETURN_TYPE = YES_ERROR;
				GCC_WARN_UNDECLARED_SELECTOR = YES;
				GCC_WARN_UNINITIALIZED_AUTOS = YES_AGGRESSIVE;
				GCC_WARN_UNUSED_FUNCTION = YES;
				GCC_WARN_UNUSED_VARIABLE = YES;
				MACOSX_DEPLOYMENT_TARGET = 10.14;
				MTL_ENABLE_DEBUG_INFO = NO;
				MTL_FAST_MATH = YES;
				SDKROOT = macosx;
			};
			name = Release;
		};
		4C45449B2243FC780023FB9A /* Debug */ = {
			isa = XCBuildConfiguration;
			buildSettings = {
				CODE_SIGN_STYLE = Automatic;
				HEADER_SEARCH_PATHS = /usr/local/include;
				LIBRARY_SEARCH_PATHS = (
					"$(inherited)",
					/usr/local/Cellar/glew/2.1.0/lib,
					/usr/local/Cellar/glfw/3.2.1/lib,
				);
				PRODUCT_NAME = "$(TARGET_NAME)";
			};
			name = Debug;
		};
		4C45449C2243FC780023FB9A /* Release */ = {
			isa = XCBuildConfiguration;
			buildSettings = {
				CODE_SIGN_STYLE = Automatic;
				HEADER_SEARCH_PATHS = /usr/local/include;
				LIBRARY_SEARCH_PATHS = (
					"$(inherited)",
					/usr/local/Cellar/glew/2.1.0/lib,
					/usr/local/Cellar/glfw/3.2.1/lib,
				);
				PRODUCT_NAME = "$(TARGET_NAME)";
			};
			name = Release;
		};
/* End XCBuildConfiguration section */

/* Begin XCConfigurationList section */
		4C45448E2243FC780023FB9A /* Build configuration list for PBXProject "OpenGL-Test" */ = {
			isa = XCConfigurationList;
			buildConfigurations = (
				4C4544982243FC780023FB9A /* Debug */,
				4C4544992243FC780023FB9A /* Release */,
			);
			defaultConfigurationIsVisible = 0;
			defaultConfigurationName = Release;
		};
		4C45449A2243FC780023FB9A /* Build configuration list for PBXNativeTarget "OpenGL-Test" */ = {
			isa = XCConfigurationList;
			buildConfigurations = (
				4C45449B2243FC780023FB9A /* Debug */,
				4C45449C2243FC780023FB9A /* Release */,
			);
			defaultConfigurationIsVisible = 0;
			defaultConfigurationName = Release;
		};
/* End XCConfigurationList section */
	};
	rootObject = 4C45448B2243FC780023FB9A /* Project object */;
}
